
Microsoft Visual Studio Solution File, Format Version 12.00
# Visual Studio 2013
VisualStudioVersion = 12.0.30501.0
MinimumVisualStudioVersion = 10.0.40219.1
Project("{FAE04EC0-301F-11D3-BF4B-00C04F79EFBC}") = "LessonOne", "LessonOne\LessonOne.csproj", "{D95E0557-3D8A-4C4E-8FC4-C07DEDA68AD7}"
EndProject
Project("{FAE04EC0-301F-11D3-BF4B-00C04F79EFBC}") = "LessionOneTest", "LessionOneTest\LessionOneTest.csproj", "{10D4A90E-54F5-4B1E-A5B8-D8B84075FA42}"
EndProject
Global
	GlobalSection(SolutionConfigurationPlatforms) = preSolution
		Debug|Any CPU = Debug|Any CPU
		Release|Any CPU = Release|Any CPU
	EndGlobalSection
	GlobalSection(ProjectConfigurationPlatforms) = postSolution
		{D95E0557-3D8A-4C4E-8FC4-C07DEDA68AD7}.Debug|Any CPU.ActiveCfg = Debug|Any CPU
		{D95E0557-3D8A-4C4E-8FC4-C07DEDA68AD7}.Debug|Any CPU.Build.0 = Debug|Any CPU
		{D95E0557-3D8A-4C4E-8FC4-C07DEDA68AD7}.Release|Any CPU.ActiveCfg = Release|Any CPU
		{D95E0557-3D8A-4C4E-8FC4-C07DEDA68AD7}.Release|Any CPU.Build.0 = Release|Any CPU
		{10D4A90E-54F5-4B1E-A5B8-D8B84075FA42}.Debug|Any CPU.ActiveCfg = Debug|Any CPU
		{10D4A90E-54F5-4B1E-A5B8-D8B84075FA42}.Debug|Any CPU.Build.0 = Debug|Any CPU
		{10D4A90E-54F5-4B1E-A5B8-D8B84075FA42}.Release|Any CPU.ActiveCfg = Release|Any CPU
		{10D4A90E-54F5-4B1E-A5B8-D8B84075FA42}.Release|Any CPU.Build.0 = Release|Any CPU
	EndGlobalSection
	GlobalSection(SolutionProperties) = preSolution
		HideSolutionNode = FALSE
	EndGlobalSection
EndGlobal
